
Microsoft Visual Studio Solution File, Format Version 12.00
# Visual Studio Version 17
VisualStudioVersion = 17.4.33213.308
MinimumVisualStudioVersion = 10.0.40219.1
Project("{FAE04EC0-301F-11D3-BF4B-00C04F79EFBC}") = "FinalProject", "FinalProject.csproj", "{740293C6-8511-4886-9034-692CCF9DBD4E}"
EndProject
Global
	GlobalSection(SolutionConfigurationPlatforms) = preSolution
		Debug|Any CPU = Debug|Any CPU
		Release|Any CPU = Release|Any CPU
	EndGlobalSection
	GlobalSection(ProjectConfigurationPlatforms) = postSolution
		{740293C6-8511-4886-9034-692CCF9DBD4E}.Debug|Any CPU.ActiveCfg = Debug|Any CPU
		{740293C6-8511-4886-9034-692CCF9DBD4E}.Debug|Any CPU.Build.0 = Debug|Any CPU
		{740293C6-8511-4886-9034-692CCF9DBD4E}.Release|Any CPU.ActiveCfg = Release|Any CPU
		{740293C6-8511-4886-9034-692CCF9DBD4E}.Release|Any CPU.Build.0 = Release|Any CPU
	EndGlobalSection
	GlobalSection(SolutionProperties) = preSolution
		HideSolutionNode = FALSE
	EndGlobalSection
	GlobalSection(ExtensibilityGlobals) = postSolution
		SolutionGuid = {03A94D4A-002A-47FA-BCAC-7C6D286C86B4}
	EndGlobalSection
EndGlobal
